
Microsoft Visual Studio Solution File, Format Version 12.00
# Visual Studio Version 17
VisualStudioVersion = 17.11.35327.3
MinimumVisualStudioVersion = 10.0.40219.1
Project("{FAE04EC0-301F-11D3-BF4B-00C04F79EFBC}") = "hw-10-WPF", "hw-10-WPF\hw-10-WPF.csproj", "{C5E1636E-A74F-40AC-9293-532A9BED2307}"
EndProject
Global
	GlobalSection(SolutionConfigurationPlatforms) = preSolution
		Debug|Any CPU = Debug|Any CPU
		Release|Any CPU = Release|Any CPU
	EndGlobalSection
	GlobalSection(ProjectConfigurationPlatforms) = postSolution
		{C5E1636E-A74F-40AC-9293-532A9BED2307}.Debug|Any CPU.ActiveCfg = Debug|Any CPU
		{C5E1636E-A74F-40AC-9293-532A9BED2307}.Debug|Any CPU.Build.0 = Debug|Any CPU
		{C5E1636E-A74F-40AC-9293-532A9BED2307}.Release|Any CPU.ActiveCfg = Release|Any CPU
		{C5E1636E-A74F-40AC-9293-532A9BED2307}.Release|Any CPU.Build.0 = Release|Any CPU
	EndGlobalSection
	GlobalSection(SolutionProperties) = preSolution
		HideSolutionNode = FALSE
	EndGlobalSection
	GlobalSection(ExtensibilityGlobals) = postSolution
		SolutionGuid = {2288AF10-6998-4C07-BFFF-2BAC88797720}
	EndGlobalSection
EndGlobal
